// !$*UTF8*$!
{
	archiveVersion = 1;
	classes = {
	};
	objectVersion = 55;
	objects = {

/* Begin PBXBuildFile section */
		BD71F3A02898A85100A337A4 /* AppDelegate.swift in Sources */ = {isa = PBXBuildFile; fileRef = BD71F39F2898A85100A337A4 /* AppDelegate.swift */; };
		BD71F3A22898A85100A337A4 /* SceneDelegate.swift in Sources */ = {isa = PBXBuildFile; fileRef = BD71F3A12898A85100A337A4 /* SceneDelegate.swift */; };
		BD71F3A72898A85100A337A4 /* Main.storyboard in Resources */ = {isa = PBXBuildFile; fileRef = BD71F3A52898A85100A337A4 /* Main.storyboard */; };
		BD71F3AA2898A85100A337A4 /* NHToDoList.xcdatamodeld in Sources */ = {isa = PBXBuildFile; fileRef = BD71F3A82898A85100A337A4 /* NHToDoList.xcdatamodeld */; };
		BD71F3AC2898A85200A337A4 /* Assets.xcassets in Resources */ = {isa = PBXBuildFile; fileRef = BD71F3AB2898A85200A337A4 /* Assets.xcassets */; };
		BD71F3AF2898A85200A337A4 /* LaunchScreen.storyboard in Resources */ = {isa = PBXBuildFile; fileRef = BD71F3AD2898A85200A337A4 /* LaunchScreen.storyboard */; };
		BD71F3BA2898A85200A337A4 /* NHToDoListTests.swift in Sources */ = {isa = PBXBuildFile; fileRef = BD71F3B92898A85200A337A4 /* NHToDoListTests.swift */; };
		BD71F3C42898A85200A337A4 /* NHToDoListUITests.swift in Sources */ = {isa = PBXBuildFile; fileRef = BD71F3C32898A85200A337A4 /* NHToDoListUITests.swift */; };
		BD71F3C62898A85200A337A4 /* NHToDoListUITestsLaunchTests.swift in Sources */ = {isa = PBXBuildFile; fileRef = BD71F3C52898A85200A337A4 /* NHToDoListUITestsLaunchTests.swift */; };
		BD71F3D32898AA1F00A337A4 /* ToDoTableViewController.swift in Sources */ = {isa = PBXBuildFile; fileRef = BD71F3D22898AA1F00A337A4 /* ToDoTableViewController.swift */; };
		BD71F3D52898AA3B00A337A4 /* ToDo.swift in Sources */ = {isa = PBXBuildFile; fileRef = BD71F3D42898AA3B00A337A4 /* ToDo.swift */; };
		BD71F3D72898B4EC00A337A4 /* AddToDoViewController.swift in Sources */ = {isa = PBXBuildFile; fileRef = BD71F3D62898B4EC00A337A4 /* AddToDoViewController.swift */; };
		BD71F3D92898C38600A337A4 /* CompleteToDoViewController.swift in Sources */ = {isa = PBXBuildFile; fileRef = BD71F3D82898C38600A337A4 /* CompleteToDoViewController.swift */; };
/* End PBXBuildFile section */

/* Begin PBXContainerItemProxy section */
		BD71F3B62898A85200A337A4 /* PBXContainerItemProxy */ = {
			isa = PBXContainerItemProxy;
			containerPortal = BD71F3942898A85100A337A4 /* Project object */;
			proxyType = 1;
			remoteGlobalIDString = BD71F39B2898A85100A337A4;
			remoteInfo = NHToDoList;
		};
		BD71F3C02898A85200A337A4 /* PBXContainerItemProxy */ = {
			isa = PBXContainerItemProxy;
			containerPortal = BD71F3942898A85100A337A4 /* Project object */;
			proxyType = 1;
			remoteGlobalIDString = BD71F39B2898A85100A337A4;
			remoteInfo = NHToDoList;
		};
/* End PBXContainerItemProxy section */

/* Begin PBXFileReference section */
		BD71F39C2898A85100A337A4 /* NHToDoList.app */ = {isa = PBXFileReference; explicitFileType = wrapper.application; includeInIndex = 0; path = NHToDoList.app; sourceTree = BUILT_PRODUCTS_DIR; };
		BD71F39F2898A85100A337A4 /* AppDelegate.swift */ = {isa = PBXFileReference; lastKnownFileType = sourcecode.swift; path = AppDelegate.swift; sourceTree = "<group>"; };
		BD71F3A12898A85100A337A4 /* SceneDelegate.swift */ = {isa = PBXFileReference; lastKnownFileType = sourcecode.swift; path = SceneDelegate.swift; sourceTree = "<group>"; };
		BD71F3A62898A85100A337A4 /* Base */ = {isa = PBXFileReference; lastKnownFileType = file.storyboard; name = Base; path = Base.lproj/Main.storyboard; sourceTree = "<group>"; };
		BD71F3A92898A85100A337A4 /* NHToDoList.xcdatamodel */ = {isa = PBXFileReference; lastKnownFileType = wrapper.xcdatamodel; path = NHToDoList.xcdatamodel; sourceTree = "<group>"; };
		BD71F3AB2898A85200A337A4 /* Assets.xcassets */ = {isa = PBXFileReference; lastKnownFileType = folder.assetcatalog; path = Assets.xcassets; sourceTree = "<group>"; };
		BD71F3AE2898A85200A337A4 /* Base */ = {isa = PBXFileReference; lastKnownFileType = file.storyboard; name = Base; path = Base.lproj/LaunchScreen.storyboard; sourceTree = "<group>"; };
		BD71F3B02898A85200A337A4 /* Info.plist */ = {isa = PBXFileReference; lastKnownFileType = text.plist.xml; path = Info.plist; sourceTree = "<group>"; };
		BD71F3B52898A85200A337A4 /* NHToDoListTests.xctest */ = {isa = PBXFileReference; explicitFileType = wrapper.cfbundle; includeInIndex = 0; path = NHToDoListTests.xctest; sourceTree = BUILT_PRODUCTS_DIR; };
		BD71F3B92898A85200A337A4 /* NHToDoListTests.swift */ = {isa = PBXFileReference; lastKnownFileType = sourcecode.swift; path = NHToDoListTests.swift; sourceTree = "<group>"; };
		BD71F3BF2898A85200A337A4 /* NHToDoListUITests.xctest */ = {isa = PBXFileReference; explicitFileType = wrapper.cfbundle; includeInIndex = 0; path = NHToDoListUITests.xctest; sourceTree = BUILT_PRODUCTS_DIR; };
		BD71F3C32898A85200A337A4 /* NHToDoListUITests.swift */ = {isa = PBXFileReference; lastKnownFileType = sourcecode.swift; path = NHToDoListUITests.swift; sourceTree = "<group>"; };
		BD71F3C52898A85200A337A4 /* NHToDoListUITestsLaunchTests.swift */ = {isa = PBXFileReference; lastKnownFileType = sourcecode.swift; path = NHToDoListUITestsLaunchTests.swift; sourceTree = "<group>"; };
		BD71F3D22898AA1F00A337A4 /* ToDoTableViewController.swift */ = {isa = PBXFileReference; lastKnownFileType = sourcecode.swift; path = ToDoTableViewController.swift; sourceTree = "<group>"; };
		BD71F3D42898AA3B00A337A4 /* ToDo.swift */ = {isa = PBXFileReference; lastKnownFileType = sourcecode.swift; path = ToDo.swift; sourceTree = "<group>"; };
		BD71F3D62898B4EC00A337A4 /* AddToDoViewController.swift */ = {isa = PBXFileReference; lastKnownFileType = sourcecode.swift; path = AddToDoViewController.swift; sourceTree = "<group>"; };
		BD71F3D82898C38600A337A4 /* CompleteToDoViewController.swift */ = {isa = PBXFileReference; lastKnownFileType = sourcecode.swift; path = CompleteToDoViewController.swift; sourceTree = "<group>"; };
/* End PBXFileReference section */

/* Begin PBXFrameworksBuildPhase section */
		BD71F3992898A85100A337A4 /* Frameworks */ = {
			isa = PBXFrameworksBuildPhase;
			buildActionMask = 2147483647;
			files = (
			);
			runOnlyForDeploymentPostprocessing = 0;
		};
		BD71F3B22898A85200A337A4 /* Frameworks */ = {
			isa = PBXFrameworksBuildPhase;
			buildActionMask = 2147483647;
			files = (
			);
			runOnlyForDeploymentPostprocessing = 0;
		};
		BD71F3BC2898A85200A337A4 /* Frameworks */ = {
			isa = PBXFrameworksBuildPhase;
			buildActionMask = 2147483647;
			files = (
			);
			runOnlyForDeploymentPostprocessing = 0;
		};
/* End PBXFrameworksBuildPhase section */

/* Begin PBXGroup section */
		BD71F3932898A85100A337A4 = {
			isa = PBXGroup;
			children = (
				BD71F3D82898C38600A337A4 /* CompleteToDoViewController.swift */,
				BD71F3D62898B4EC00A337A4 /* AddToDoViewController.swift */,
				BD71F39E2898A85100A337A4 /* NHToDoList */,
				BD71F3B82898A85200A337A4 /* NHToDoListTests */,
				BD71F3C22898A85200A337A4 /* NHToDoListUITests */,
				BD71F39D2898A85100A337A4 /* Products */,
			);
			sourceTree = "<group>";
		};
		BD71F39D2898A85100A337A4 /* Products */ = {
			isa = PBXGroup;
			children = (
				BD71F39C2898A85100A337A4 /* NHToDoList.app */,
				BD71F3B52898A85200A337A4 /* NHToDoListTests.xctest */,
				BD71F3BF2898A85200A337A4 /* NHToDoListUITests.xctest */,
			);
			name = Products;
			sourceTree = "<group>";
		};
		BD71F39E2898A85100A337A4 /* NHToDoList */ = {
			isa = PBXGroup;
			children = (
				BD71F39F2898A85100A337A4 /* AppDelegate.swift */,
				BD71F3A12898A85100A337A4 /* SceneDelegate.swift */,
				BD71F3A52898A85100A337A4 /* Main.storyboard */,
				BD71F3D22898AA1F00A337A4 /* ToDoTableViewController.swift */,
				BD71F3D42898AA3B00A337A4 /* ToDo.swift */,
				BD71F3AB2898A85200A337A4 /* Assets.xcassets */,
				BD71F3AD2898A85200A337A4 /* LaunchScreen.storyboard */,
				BD71F3B02898A85200A337A4 /* Info.plist */,
				BD71F3A82898A85100A337A4 /* NHToDoList.xcdatamodeld */,
			);
			path = NHToDoList;
			sourceTree = "<group>";
		};
		BD71F3B82898A85200A337A4 /* NHToDoListTests */ = {
			isa = PBXGroup;
			children = (
				BD71F3B92898A85200A337A4 /* NHToDoListTests.swift */,
			);
			path = NHToDoListTests;
			sourceTree = "<group>";
		};
		BD71F3C22898A85200A337A4 /* NHToDoListUITests */ = {
			isa = PBXGroup;
			children = (
				BD71F3C32898A85200A337A4 /* NHToDoListUITests.swift */,
				BD71F3C52898A85200A337A4 /* NHToDoListUITestsLaunchTests.swift */,
			);
			path = NHToDoListUITests;
			sourceTree = "<group>";
		};
/* End PBXGroup section */

/* Begin PBXNativeTarget section */
		BD71F39B2898A85100A337A4 /* NHToDoList */ = {
			isa = PBXNativeTarget;
			buildConfigurationList = BD71F3C92898A85200A337A4 /* Build configuration list for PBXNativeTarget "NHToDoList" */;
			buildPhases = (
				BD71F3982898A85100A337A4 /* Sources */,
				BD71F3992898A85100A337A4 /* Frameworks */,
				BD71F39A2898A85100A337A4 /* Resources */,
			);
			buildRules = (
			);
			dependencies = (
			);
			name = NHToDoList;
			productName = NHToDoList;
			productReference = BD71F39C2898A85100A337A4 /* NHToDoList.app */;
			productType = "com.apple.product-type.application";
		};
		BD71F3B42898A85200A337A4 /* NHToDoListTests */ = {
			isa = PBXNativeTarget;
			buildConfigurationList = BD71F3CC2898A85200A337A4 /* Build configuration list for PBXNativeTarget "NHToDoListTests" */;
			buildPhases = (
				BD71F3B12898A85200A337A4 /* Sources */,
				BD71F3B22898A85200A337A4 /* Frameworks */,
				BD71F3B32898A85200A337A4 /* Resources */,
			);
			buildRules = (
			);
			dependencies = (
				BD71F3B72898A85200A337A4 /* PBXTargetDependency */,
			);
			name = NHToDoListTests;
			productName = NHToDoListTests;
			productReference = BD71F3B52898A85200A337A4 /* NHToDoListTests.xctest */;
			productType = "com.apple.product-type.bundle.unit-test";
		};
		BD71F3BE2898A85200A337A4 /* NHToDoListUITests */ = {
			isa = PBXNativeTarget;
			buildConfigurationList = BD71F3CF2898A85200A337A4 /* Build configuration list for PBXNativeTarget "NHToDoListUITests" */;
			buildPhases = (
				BD71F3BB2898A85200A337A4 /* Sources */,
				BD71F3BC2898A85200A337A4 /* Frameworks */,
				BD71F3BD2898A85200A337A4 /* Resources */,
			);
			buildRules = (
			);
			dependencies = (
				BD71F3C12898A85200A337A4 /* PBXTargetDependency */,
			);
			name = NHToDoListUITests;
			productName = NHToDoListUITests;
			productReference = BD71F3BF2898A85200A337A4 /* NHToDoListUITests.xctest */;
			productType = "com.apple.product-type.bundle.ui-testing";
		};
/* End PBXNativeTarget section */

/* Begin PBXProject section */
		BD71F3942898A85100A337A4 /* Project object */ = {
			isa = PBXProject;
			attributes = {
				BuildIndependentTargetsInParallel = 1;
				LastSwiftUpdateCheck = 1340;
				LastUpgradeCheck = 1340;
				TargetAttributes = {
					BD71F39B2898A85100A337A4 = {
						CreatedOnToolsVersion = 13.4.1;
					};
					BD71F3B42898A85200A337A4 = {
						CreatedOnToolsVersion = 13.4.1;
						TestTargetID = BD71F39B2898A85100A337A4;
					};
					BD71F3BE2898A85200A337A4 = {
						CreatedOnToolsVersion = 13.4.1;
						TestTargetID = BD71F39B2898A85100A337A4;
					};
				};
			};
			buildConfigurationList = BD71F3972898A85100A337A4 /* Build configuration list for PBXProject "NHToDoList" */;
			compatibilityVersion = "Xcode 13.0";
			developmentRegion = en;
			hasScannedForEncodings = 0;
			knownRegions = (
				en,
				Base,
			);
			mainGroup = BD71F3932898A85100A337A4;
			productRefGroup = BD71F39D2898A85100A337A4 /* Products */;
			projectDirPath = "";
			projectRoot = "";
			targets = (
				BD71F39B2898A85100A337A4 /* NHToDoList */,
				BD71F3B42898A85200A337A4 /* NHToDoListTests */,
				BD71F3BE2898A85200A337A4 /* NHToDoListUITests */,
			);
		};
/* End PBXProject section */

/* Begin PBXResourcesBuildPhase section */
		BD71F39A2898A85100A337A4 /* Resources */ = {
			isa = PBXResourcesBuildPhase;
			buildActionMask = 2147483647;
			files = (
				BD71F3AF2898A85200A337A4 /* LaunchScreen.storyboard in Resources */,
				BD71F3AC2898A85200A337A4 /* Assets.xcassets in Resources */,
				BD71F3A72898A85100A337A4 /* Main.storyboard in Resources */,
			);
			runOnlyForDeploymentPostprocessing = 0;
		};
		BD71F3B32898A85200A337A4 /* Resources */ = {
			isa = PBXResourcesBuildPhase;
			buildActionMask = 2147483647;
			files = (
			);
			runOnlyForDeploymentPostprocessing = 0;
		};
		BD71F3BD2898A85200A337A4 /* Resources */ = {
			isa = PBXResourcesBuildPhase;
			buildActionMask = 2147483647;
			files = (
			);
			runOnlyForDeploymentPostprocessing = 0;
		};
/* End PBXResourcesBuildPhase section */

/* Begin PBXSourcesBuildPhase section */
		BD71F3982898A85100A337A4 /* Sources */ = {
			isa = PBXSourcesBuildPhase;
			buildActionMask = 2147483647;
			files = (
				BD71F3A02898A85100A337A4 /* AppDelegate.swift in Sources */,
				BD71F3D52898AA3B00A337A4 /* ToDo.swift in Sources */,
				BD71F3D32898AA1F00A337A4 /* ToDoTableViewController.swift in Sources */,
				BD71F3D92898C38600A337A4 /* CompleteToDoViewController.swift in Sources */,
				BD71F3A22898A85100A337A4 /* SceneDelegate.swift in Sources */,
				BD71F3D72898B4EC00A337A4 /* AddToDoViewController.swift in Sources */,
				BD71F3AA2898A85100A337A4 /* NHToDoList.xcdatamodeld in Sources */,
			);
			runOnlyForDeploymentPostprocessing = 0;
		};
		BD71F3B12898A85200A337A4 /* Sources */ = {
			isa = PBXSourcesBuildPhase;
			buildActionMask = 2147483647;
			files = (
				BD71F3BA2898A85200A337A4 /* NHToDoListTests.swift in Sources */,
			);
			runOnlyForDeploymentPostprocessing = 0;
		};
		BD71F3BB2898A85200A337A4 /* Sources */ = {
			isa = PBXSourcesBuildPhase;
			buildActionMask = 2147483647;
			files = (
				BD71F3C62898A85200A337A4 /* NHToDoListUITestsLaunchTests.swift in Sources */,
				BD71F3C42898A85200A337A4 /* NHToDoListUITests.swift in Sources */,
			);
			runOnlyForDeploymentPostprocessing = 0;
		};
/* End PBXSourcesBuildPhase section */

/* Begin PBXTargetDependency section */
		BD71F3B72898A85200A337A4 /* PBXTargetDependency */ = {
			isa = PBXTargetDependency;
			target = BD71F39B2898A85100A337A4 /* NHToDoList */;
			targetProxy = BD71F3B62898A85200A337A4 /* PBXContainerItemProxy */;
		};
		BD71F3C12898A85200A337A4 /* PBXTargetDependency */ = {
			isa = PBXTargetDependency;
			target = BD71F39B2898A85100A337A4 /* NHToDoList */;
			targetProxy = BD71F3C02898A85200A337A4 /* PBXContainerItemProxy */;
		};
/* End PBXTargetDependency section */

/* Begin PBXVariantGroup section */
		BD71F3A52898A85100A337A4 /* Main.storyboard */ = {
			isa = PBXVariantGroup;
			children = (
				BD71F3A62898A85100A337A4 /* Base */,
			);
			name = Main.storyboard;
			sourceTree = "<group>";
		};
		BD71F3AD2898A85200A337A4 /* LaunchScreen.storyboard */ = {
			isa = PBXVariantGroup;
			children = (
				BD71F3AE2898A85200A337A4 /* Base */,
			);
			name = LaunchScreen.storyboard;
			sourceTree = "<group>";
		};
/* End PBXVariantGroup section */

/* Begin XCBuildConfiguration section */
		BD71F3C72898A85200A337A4 /* Debug */ = {
			isa = XCBuildConfiguration;
			buildSettings = {
				ALWAYS_SEARCH_USER_PATHS = NO;
				CLANG_ANALYZER_NONNULL = YES;
				CLANG_ANALYZER_NUMBER_OBJECT_CONVERSION = YES_AGGRESSIVE;
				CLANG_CXX_LANGUAGE_STANDARD = "gnu++17";
				CLANG_ENABLE_MODULES = YES;
				CLANG_ENABLE_OBJC_ARC = YES;
				CLANG_ENABLE_OBJC_WEAK = YES;
				CLANG_WARN_BLOCK_CAPTURE_AUTORELEASING = YES;
				CLANG_WARN_BOOL_CONVERSION = YES;
				CLANG_WARN_COMMA = YES;
				CLANG_WARN_CONSTANT_CONVERSION = YES;
				CLANG_WARN_DEPRECATED_OBJC_IMPLEMENTATIONS = YES;
				CLANG_WARN_DIRECT_OBJC_ISA_USAGE = YES_ERROR;
				CLANG_WARN_DOCUMENTATION_COMMENTS = YES;
				CLANG_WARN_EMPTY_BODY = YES;
				CLANG_WARN_ENUM_CONVERSION = YES;
				CLANG_WARN_INFINITE_RECURSION = YES;
				CLANG_WARN_INT_CONVERSION = YES;
				CLANG_WARN_NON_LITERAL_NULL_CONVERSION = YES;
				CLANG_WARN_OBJC_IMPLICIT_RETAIN_SELF = YES;
				CLANG_WARN_OBJC_LITERAL_CONVERSION = YES;
				CLANG_WARN_OBJC_ROOT_CLASS = YES_ERROR;
				CLANG_WARN_QUOTED_INCLUDE_IN_FRAMEWORK_HEADER = YES;
				CLANG_WARN_RANGE_LOOP_ANALYSIS = YES;
				CLANG_WARN_STRICT_PROTOTYPES = YES;
				CLANG_WARN_SUSPICIOUS_MOVE = YES;
				CLANG_WARN_UNGUARDED_AVAILABILITY = YES_AGGRESSIVE;
				CLANG_WARN_UNREACHABLE_CODE = YES;
				CLANG_WARN__DUPLICATE_METHOD_MATCH = YES;
				COPY_PHASE_STRIP = NO;
				DEBUG_INFORMATION_FORMAT = dwarf;
				ENABLE_STRICT_OBJC_MSGSEND = YES;
				ENABLE_TESTABILITY = YES;
				GCC_C_LANGUAGE_STANDARD = gnu11;
				GCC_DYNAMIC_NO_PIC = NO;
				GCC_NO_COMMON_BLOCKS = YES;
				GCC_OPTIMIZATION_LEVEL = 0;
				GCC_PREPROCESSOR_DEFINITIONS = (
					"DEBUG=1",
					"$(inherited)",
				);
				GCC_WARN_64_TO_32_BIT_CONVERSION = YES;
				GCC_WARN_ABOUT_RETURN_TYPE = YES_ERROR;
				GCC_WARN_UNDECLARED_SELECTOR = YES;
				GCC_WARN_UNINITIALIZED_AUTOS = YES_AGGRESSIVE;
				GCC_WARN_UNUSED_FUNCTION = YES;
				GCC_WARN_UNUSED_VARIABLE = YES;
				IPHONEOS_DEPLOYMENT_TARGET = 15.5;
				MTL_ENABLE_DEBUG_INFO = INCLUDE_SOURCE;
				MTL_FAST_MATH = YES;
				ONLY_ACTIVE_ARCH = YES;
				SDKROOT = iphoneos;
				SWIFT_ACTIVE_COMPILATION_CONDITIONS = DEBUG;
				SWIFT_OPTIMIZATION_LEVEL = "-Onone";
			};
			name = Debug;
		};
		BD71F3C82898A85200A337A4 /* Release */ = {
			isa = XCBuildConfiguration;
			buildSettings = {
				ALWAYS_SEARCH_USER_PATHS = NO;
				CLANG_ANALYZER_NONNULL = YES;
				CLANG_ANALYZER_NUMBER_OBJECT_CONVERSION = YES_AGGRESSIVE;
				CLANG_CXX_LANGUAGE_STANDARD = "gnu++17";
				CLANG_ENABLE_MODULES = YES;
				CLANG_ENABLE_OBJC_ARC = YES;
				CLANG_ENABLE_OBJC_WEAK = YES;
				CLANG_WARN_BLOCK_CAPTURE_AUTORELEASING = YES;
				CLANG_WARN_BOOL_CONVERSION = YES;
				CLANG_WARN_COMMA = YES;
				CLANG_WARN_CONSTANT_CONVERSION = YES;
				CLANG_WARN_DEPRECATED_OBJC_IMPLEMENTATIONS = YES;
				CLANG_WARN_DIRECT_OBJC_ISA_USAGE = YES_ERROR;
				CLANG_WARN_DOCUMENTATION_COMMENTS = YES;
				CLANG_WARN_EMPTY_BODY = YES;
				CLANG_WARN_ENUM_CONVERSION = YES;
				CLANG_WARN_INFINITE_RECURSION = YES;
				CLANG_WARN_INT_CONVERSION = YES;
				CLANG_WARN_NON_LITERAL_NULL_CONVERSION = YES;
				CLANG_WARN_OBJC_IMPLICIT_RETAIN_SELF = YES;
				CLANG_WARN_OBJC_LITERAL_CONVERSION = YES;
				CLANG_WARN_OBJC_ROOT_CLASS = YES_ERROR;
				CLANG_WARN_QUOTED_INCLUDE_IN_FRAMEWORK_HEADER = YES;
				CLANG_WARN_RANGE_LOOP_ANALYSIS = YES;
				CLANG_WARN_STRICT_PROTOTYPES = YES;
				CLANG_WARN_SUSPICIOUS_MOVE = YES;
				CLANG_WARN_UNGUARDED_AVAILABILITY = YES_AGGRESSIVE;
				CLANG_WARN_UNREACHABLE_CODE = YES;
				CLANG_WARN__DUPLICATE_METHOD_MATCH = YES;
				COPY_PHASE_STRIP = NO;
				DEBUG_INFORMATION_FORMAT = "dwarf-with-dsym";
				ENABLE_NS_ASSERTIONS = NO;
				ENABLE_STRICT_OBJC_MSGSEND = YES;
				GCC_C_LANGUAGE_STANDARD = gnu11;
				GCC_NO_COMMON_BLOCKS = YES;
				GCC_WARN_64_TO_32_BIT_CONVERSION = YES;
				GCC_WARN_ABOUT_RETURN_TYPE = YES_ERROR;
				GCC_WARN_UNDECLARED_SELECTOR = YES;
				GCC_WARN_UNINITIALIZED_AUTOS = YES_AGGRESSIVE;
				GCC_WARN_UNUSED_FUNCTION = YES;
				GCC_WARN_UNUSED_VARIABLE = YES;
				IPHONEOS_DEPLOYMENT_TARGET = 15.5;
				MTL_ENABLE_DEBUG_INFO = NO;
				MTL_FAST_MATH = YES;
				SDKROOT = iphoneos;
				SWIFT_COMPILATION_MODE = wholemodule;
				SWIFT_OPTIMIZATION_LEVEL = "-O";
				VALIDATE_PRODUCT = YES;
			};
			name = Release;
		};
		BD71F3CA2898A85200A337A4 /* Debug */ = {
			isa = XCBuildConfiguration;
			buildSettings = {
				ASSETCATALOG_COMPILER_APPICON_NAME = AppIcon;
				ASSETCATALOG_COMPILER_GLOBAL_ACCENT_COLOR_NAME = AccentColor;
				CODE_SIGN_STYLE = Automatic;
				CURRENT_PROJECT_VERSION = 1;
				GENERATE_INFOPLIST_FILE = YES;
				INFOPLIST_FILE = NHToDoList/Info.plist;
				INFOPLIST_KEY_UIApplicationSupportsIndirectInputEvents = YES;
				INFOPLIST_KEY_UILaunchStoryboardName = LaunchScreen;
				INFOPLIST_KEY_UIMainStoryboardFile = Main;
				INFOPLIST_KEY_UISupportedInterfaceOrientations_iPad = "UIInterfaceOrientationPortrait UIInterfaceOrientationPortraitUpsideDown UIInterfaceOrientationLandscapeLeft UIInterfaceOrientationLandscapeRight";
				INFOPLIST_KEY_UISupportedInterfaceOrientations_iPhone = "UIInterfaceOrientationPortrait UIInterfaceOrientationLandscapeLeft UIInterfaceOrientationLandscapeRight";
				LD_RUNPATH_SEARCH_PATHS = (
					"$(inherited)",
					"@executable_path/Frameworks",
				);
				MARKETING_VERSION = 1.0;
				PRODUCT_BUNDLE_IDENTIFIER = KWK.NHToDoList;
				PRODUCT_NAME = "$(TARGET_NAME)";
				SWIFT_EMIT_LOC_STRINGS = YES;
				SWIFT_VERSION = 5.0;
				TARGETED_DEVICE_FAMILY = "1,2";
			};
			name = Debug;
		};
		BD71F3CB2898A85200A337A4 /* Release */ = {
			isa = XCBuildConfiguration;
			buildSettings = {
				ASSETCATALOG_COMPILER_APPICON_NAME = AppIcon;
				ASSETCATALOG_COMPILER_GLOBAL_ACCENT_COLOR_NAME = AccentColor;
				CODE_SIGN_STYLE = Automatic;
				CURRENT_PROJECT_VERSION = 1;
				GENERATE_INFOPLIST_FILE = YES;
				INFOPLIST_FILE = NHToDoList/Info.plist;
				INFOPLIST_KEY_UIApplicationSupportsIndirectInputEvents = YES;
				INFOPLIST_KEY_UILaunchStoryboardName = LaunchScreen;
				INFOPLIST_KEY_UIMainStoryboardFile = Main;
				INFOPLIST_KEY_UISupportedInterfaceOrientations_iPad = "UIInterfaceOrientationPortrait UIInterfaceOrientationPortraitUpsideDown UIInterfaceOrientationLandscapeLeft UIInterfaceOrientationLandscapeRight";
				INFOPLIST_KEY_UISupportedInterfaceOrientations_iPhone = "UIInterfaceOrientationPortrait UIInterfaceOrientationLandscapeLeft UIInterfaceOrientationLandscapeRight";
				LD_RUNPATH_SEARCH_PATHS = (
					"$(inherited)",
					"@executable_path/Frameworks",
				);
				MARKETING_VERSION = 1.0;
				PRODUCT_BUNDLE_IDENTIFIER = KWK.NHToDoList;
				PRODUCT_NAME = "$(TARGET_NAME)";
				SWIFT_EMIT_LOC_STRINGS = YES;
				SWIFT_VERSION = 5.0;
				TARGETED_DEVICE_FAMILY = "1,2";
			};
			name = Release;
		};
		BD71F3CD2898A85200A337A4 /* Debug */ = {
			isa = XCBuildConfiguration;
			buildSettings = {
				ALWAYS_EMBED_SWIFT_STANDARD_LIBRARIES = YES;
				BUNDLE_LOADER = "$(TEST_HOST)";
				CODE_SIGN_STYLE = Automatic;
				CURRENT_PROJECT_VERSION = 1;
				GENERATE_INFOPLIST_FILE = YES;
				IPHONEOS_DEPLOYMENT_TARGET = 15.5;
				MARKETING_VERSION = 1.0;
				PRODUCT_BUNDLE_IDENTIFIER = KWK.NHToDoListTests;
				PRODUCT_NAME = "$(TARGET_NAME)";
				SWIFT_EMIT_LOC_STRINGS = NO;
				SWIFT_VERSION = 5.0;
				TARGETED_DEVICE_FAMILY = "1,2";
				TEST_HOST = "$(BUILT_PRODUCTS_DIR)/NHToDoList.app/NHToDoList";
			};
			name = Debug;
		};
		BD71F3CE2898A85200A337A4 /* Release */ = {
			isa = XCBuildConfiguration;
			buildSettings = {
				ALWAYS_EMBED_SWIFT_STANDARD_LIBRARIES = YES;
				BUNDLE_LOADER = "$(TEST_HOST)";
				CODE_SIGN_STYLE = Automatic;
				CURRENT_PROJECT_VERSION = 1;
				GENERATE_INFOPLIST_FILE = YES;
				IPHONEOS_DEPLOYMENT_TARGET = 15.5;
				MARKETING_VERSION = 1.0;
				PRODUCT_BUNDLE_IDENTIFIER = KWK.NHToDoListTests;
				PRODUCT_NAME = "$(TARGET_NAME)";
				SWIFT_EMIT_LOC_STRINGS = NO;
				SWIFT_VERSION = 5.0;
				TARGETED_DEVICE_FAMILY = "1,2";
				TEST_HOST = "$(BUILT_PRODUCTS_DIR)/NHToDoList.app/NHToDoList";
			};
			name = Release;
		};
		BD71F3D02898A85200A337A4 /* Debug */ = {
			isa = XCBuildConfiguration;
			buildSettings = {
				ALWAYS_EMBED_SWIFT_STANDARD_LIBRARIES = YES;
				CODE_SIGN_STYLE = Automatic;
				CURRENT_PROJECT_VERSION = 1;
				GENERATE_INFOPLIST_FILE = YES;
				MARKETING_VERSION = 1.0;
				PRODUCT_BUNDLE_IDENTIFIER = KWK.NHToDoListUITests;
				PRODUCT_NAME = "$(TARGET_NAME)";
				SWIFT_EMIT_LOC_STRINGS = NO;
				SWIFT_VERSION = 5.0;
				TARGETED_DEVICE_FAMILY = "1,2";
				TEST_TARGET_NAME = NHToDoList;
			};
			name = Debug;
		};
		BD71F3D12898A85200A337A4 /* Release */ = {
			isa = XCBuildConfiguration;
			buildSettings = {
				ALWAYS_EMBED_SWIFT_STANDARD_LIBRARIES = YES;
				CODE_SIGN_STYLE = Automatic;
				CURRENT_PROJECT_VERSION = 1;
				GENERATE_INFOPLIST_FILE = YES;
				MARKETING_VERSION = 1.0;
				PRODUCT_BUNDLE_IDENTIFIER = KWK.NHToDoListUITests;
				PRODUCT_NAME = "$(TARGET_NAME)";
				SWIFT_EMIT_LOC_STRINGS = NO;
				SWIFT_VERSION = 5.0;
				TARGETED_DEVICE_FAMILY = "1,2";
				TEST_TARGET_NAME = NHToDoList;
			};
			name = Release;
		};
/* End XCBuildConfiguration section */

/* Begin XCConfigurationList section */
		BD71F3972898A85100A337A4 /* Build configuration list for PBXProject "NHToDoList" */ = {
			isa = XCConfigurationList;
			buildConfigurations = (
				BD71F3C72898A85200A337A4 /* Debug */,
				BD71F3C82898A85200A337A4 /* Release */,
			);
			defaultConfigurationIsVisible = 0;
			defaultConfigurationName = Release;
		};
		BD71F3C92898A85200A337A4 /* Build configuration list for PBXNativeTarget "NHToDoList" */ = {
			isa = XCConfigurationList;
			buildConfigurations = (
				BD71F3CA2898A85200A337A4 /* Debug */,
				BD71F3CB2898A85200A337A4 /* Release */,
			);
			defaultConfigurationIsVisible = 0;
			defaultConfigurationName = Release;
		};
		BD71F3CC2898A85200A337A4 /* Build configuration list for PBXNativeTarget "NHToDoListTests" */ = {
			isa = XCConfigurationList;
			buildConfigurations = (
				BD71F3CD2898A85200A337A4 /* Debug */,
				BD71F3CE2898A85200A337A4 /* Release */,
			);
			defaultConfigurationIsVisible = 0;
			defaultConfigurationName = Release;
		};
		BD71F3CF2898A85200A337A4 /* Build configuration list for PBXNativeTarget "NHToDoListUITests" */ = {
			isa = XCConfigurationList;
			buildConfigurations = (
				BD71F3D02898A85200A337A4 /* Debug */,
				BD71F3D12898A85200A337A4 /* Release */,
			);
			defaultConfigurationIsVisible = 0;
			defaultConfigurationName = Release;
		};
/* End XCConfigurationList section */

/* Begin XCVersionGroup section */
		BD71F3A82898A85100A337A4 /* NHToDoList.xcdatamodeld */ = {
			isa = XCVersionGroup;
			children = (
				BD71F3A92898A85100A337A4 /* NHToDoList.xcdatamodel */,
			);
			currentVersion = BD71F3A92898A85100A337A4 /* NHToDoList.xcdatamodel */;
			path = NHToDoList.xcdatamodeld;
			sourceTree = "<group>";
			versionGroupType = wrapper.xcdatamodel;
		};
/* End XCVersionGroup section */
	};
	rootObject = BD71F3942898A85100A337A4 /* Project object */;
}
